# This file is automatically @generated by Cargo.
# It is not intended for manual editing.
version = 4

[[package]]
name = "sqzer"
version = "0.0.1"
dependencies = [
 "sqzer-codecs",
 "sqzer-core",
 "sqzer-metrics",
]

[[package]]
name = "sqzer-cli"
version = "0.0.1"
dependencies = [
 "sqzer",
]

[[package]]
name = "sqzer-codecs"
version = "0.0.1"
dependencies = [
 "sqzer-core",
]

[[package]]
name = "sqzer-core"
version = "0.0.1"

[[package]]
name = "sqzer-metrics"
version = "0.0.1"
dependencies = [
 "sqzer-core",
]

[[package]]
name = "sqzer-wasm"
version = "0.0.1"
dependencies = [
 "sqzer",
]
